// !$*UTF8*$!
{
	archiveVersion = 1;
	classes = {
	};
	objectVersion = 46;
	objects = {

/* Begin PBXBuildFile section */
		E2FA69D91B9A3A9C00E703C4 /* AppDelegate.m in Sources */ = {isa = PBXBuildFile; fileRef = E2FA69D81B9A3A9C00E703C4 /* AppDelegate.m */; };
		E2FA69DB1B9A3A9C00E703C4 /* main.m in Sources */ = {isa = PBXBuildFile; fileRef = E2FA69DA1B9A3A9C00E703C4 /* main.m */; };
		E2FA69DE1B9A3A9C00E703C4 /* ViewController.m in Sources */ = {isa = PBXBuildFile; fileRef = E2FA69DD1B9A3A9C00E703C4 /* ViewController.m */; };
		E2FA69E01B9A3A9C00E703C4 /* Images.xcassets in Resources */ = {isa = PBXBuildFile; fileRef = E2FA69DF1B9A3A9C00E703C4 /* Images.xcassets */; };
		E2FA69E31B9A3A9C00E703C4 /* Main.storyboard in Resources */ = {isa = PBXBuildFile; fileRef = E2FA69E11B9A3A9C00E703C4 /* Main.storyboard */; };
		E2FA69EF1B9A3A9C00E703C4 /* BlueHouseSimTests.m in Sources */ = {isa = PBXBuildFile; fileRef = E2FA69EE1B9A3A9C00E703C4 /* BlueHouseSimTests.m */; };
		E2FA69F91B9A3E7A00E703C4 /* bluehome_128_icon.png in Resources */ = {isa = PBXBuildFile; fileRef = E2FA69F81B9A3E7A00E703C4 /* bluehome_128_icon.png */; };
		E2FA69FB1B9A3F8A00E703C4 /* bluehome_128_icon_transperent.png in Resources */ = {isa = PBXBuildFile; fileRef = E2FA69FA1B9A3F8A00E703C4 /* bluehome_128_icon_transperent.png */; };
/* End PBXBuildFile section */

/* Begin PBXContainerItemProxy section */
		E2FA69E91B9A3A9C00E703C4 /* PBXContainerItemProxy */ = {
			isa = PBXContainerItemProxy;
			containerPortal = E2FA69CA1B9A3A9C00E703C4 /* Project object */;
			proxyType = 1;
			remoteGlobalIDString = E2FA69D11B9A3A9C00E703C4;
			remoteInfo = BlueHouseSim;
		};
/* End PBXContainerItemProxy section */

/* Begin PBXFileReference section */
		E2FA69D21B9A3A9C00E703C4 /* BlueHouseSim.app */ = {isa = PBXFileReference; explicitFileType = wrapper.application; includeInIndex = 0; path = BlueHouseSim.app; sourceTree = BUILT_PRODUCTS_DIR; };
		E2FA69D61B9A3A9C00E703C4 /* Info.plist */ = {isa = PBXFileReference; lastKnownFileType = text.plist.xml; path = Info.plist; sourceTree = "<group>"; };
		E2FA69D71B9A3A9C00E703C4 /* AppDelegate.h */ = {isa = PBXFileReference; lastKnownFileType = sourcecode.c.h; path = AppDelegate.h; sourceTree = "<group>"; };
		E2FA69D81B9A3A9C00E703C4 /* AppDelegate.m */ = {isa = PBXFileReference; lastKnownFileType = sourcecode.c.objc; path = AppDelegate.m; sourceTree = "<group>"; };
		E2FA69DA1B9A3A9C00E703C4 /* main.m */ = {isa = PBXFileReference; lastKnownFileType = sourcecode.c.objc; path = main.m; sourceTree = "<group>"; };
		E2FA69DC1B9A3A9C00E703C4 /* ViewController.h */ = {isa = PBXFileReference; lastKnownFileType = sourcecode.c.h; path = ViewController.h; sourceTree = "<group>"; };
		E2FA69DD1B9A3A9C00E703C4 /* ViewController.m */ = {isa = PBXFileReference; lastKnownFileType = sourcecode.c.objc; path = ViewController.m; sourceTree = "<group>"; };
		E2FA69DF1B9A3A9C00E703C4 /* Images.xcassets */ = {isa = PBXFileReference; lastKnownFileType = folder.assetcatalog; path = Images.xcassets; sourceTree = "<group>"; };
		E2FA69E21B9A3A9C00E703C4 /* Base */ = {isa = PBXFileReference; lastKnownFileType = file.storyboard; name = Base; path = Base.lproj/Main.storyboard; sourceTree = "<group>"; };
		E2FA69E81B9A3A9C00E703C4 /* BlueHouseSimTests.xctest */ = {isa = PBXFileReference; explicitFileType = wrapper.cfbundle; includeInIndex = 0; path = BlueHouseSimTests.xctest; sourceTree = BUILT_PRODUCTS_DIR; };
		E2FA69ED1B9A3A9C00E703C4 /* Info.plist */ = {isa = PBXFileReference; lastKnownFileType = text.plist.xml; path = Info.plist; sourceTree = "<group>"; };
		E2FA69EE1B9A3A9C00E703C4 /* BlueHouseSimTests.m */ = {isa = PBXFileReference; lastKnownFileType = sourcecode.c.objc; path = BlueHouseSimTests.m; sourceTree = "<group>"; };
		E2FA69F81B9A3E7A00E703C4 /* bluehome_128_icon.png */ = {isa = PBXFileReference; lastKnownFileType = image.png; path = bluehome_128_icon.png; sourceTree = "<group>"; };
		E2FA69FA1B9A3F8A00E703C4 /* bluehome_128_icon_transperent.png */ = {isa = PBXFileReference; lastKnownFileType = image.png; path = bluehome_128_icon_transperent.png; sourceTree = "<group>"; };
/* End PBXFileReference section */

/* Begin PBXFrameworksBuildPhase section */
		E2FA69CF1B9A3A9C00E703C4 /* Frameworks */ = {
			isa = PBXFrameworksBuildPhase;
			buildActionMask = 2147483647;
			files = (
			);
			runOnlyForDeploymentPostprocessing = 0;
		};
		E2FA69E51B9A3A9C00E703C4 /* Frameworks */ = {
			isa = PBXFrameworksBuildPhase;
			buildActionMask = 2147483647;
			files = (
			);
			runOnlyForDeploymentPostprocessing = 0;
		};
/* End PBXFrameworksBuildPhase section */

/* Begin PBXGroup section */
		E2FA69C91B9A3A9C00E703C4 = {
			isa = PBXGroup;
			children = (
				E2FA69D41B9A3A9C00E703C4 /* BlueHouseSim */,
				E2FA69EB1B9A3A9C00E703C4 /* BlueHouseSimTests */,
				E2FA69D31B9A3A9C00E703C4 /* Products */,
			);
			sourceTree = "<group>";
		};
		E2FA69D31B9A3A9C00E703C4 /* Products */ = {
			isa = PBXGroup;
			children = (
				E2FA69D21B9A3A9C00E703C4 /* BlueHouseSim.app */,
				E2FA69E81B9A3A9C00E703C4 /* BlueHouseSimTests.xctest */,
			);
			name = Products;
			sourceTree = "<group>";
		};
		E2FA69D41B9A3A9C00E703C4 /* BlueHouseSim */ = {
			isa = PBXGroup;
			children = (
				E2FA69FA1B9A3F8A00E703C4 /* bluehome_128_icon_transperent.png */,
				E2FA69F81B9A3E7A00E703C4 /* bluehome_128_icon.png */,
				E2FA69D71B9A3A9C00E703C4 /* AppDelegate.h */,
				E2FA69D81B9A3A9C00E703C4 /* AppDelegate.m */,
				E2FA69DC1B9A3A9C00E703C4 /* ViewController.h */,
				E2FA69DD1B9A3A9C00E703C4 /* ViewController.m */,
				E2FA69DF1B9A3A9C00E703C4 /* Images.xcassets */,
				E2FA69E11B9A3A9C00E703C4 /* Main.storyboard */,
				E2FA69D51B9A3A9C00E703C4 /* Supporting Files */,
			);
			path = BlueHouseSim;
			sourceTree = "<group>";
		};
		E2FA69D51B9A3A9C00E703C4 /* Supporting Files */ = {
			isa = PBXGroup;
			children = (
				E2FA69D61B9A3A9C00E703C4 /* Info.plist */,
				E2FA69DA1B9A3A9C00E703C4 /* main.m */,
			);
			name = "Supporting Files";
			sourceTree = "<group>";
		};
		E2FA69EB1B9A3A9C00E703C4 /* BlueHouseSimTests */ = {
			isa = PBXGroup;
			children = (
				E2FA69EE1B9A3A9C00E703C4 /* BlueHouseSimTests.m */,
				E2FA69EC1B9A3A9C00E703C4 /* Supporting Files */,
			);
			path = BlueHouseSimTests;
			sourceTree = "<group>";
		};
		E2FA69EC1B9A3A9C00E703C4 /* Supporting Files */ = {
			isa = PBXGroup;
			children = (
				E2FA69ED1B9A3A9C00E703C4 /* Info.plist */,
			);
			name = "Supporting Files";
			sourceTree = "<group>";
		};
/* End PBXGroup section */

/* Begin PBXNativeTarget section */
		E2FA69D11B9A3A9C00E703C4 /* BlueHouseSim */ = {
			isa = PBXNativeTarget;
			buildConfigurationList = E2FA69F21B9A3A9C00E703C4 /* Build configuration list for PBXNativeTarget "BlueHouseSim" */;
			buildPhases = (
				E2FA69CE1B9A3A9C00E703C4 /* Sources */,
				E2FA69CF1B9A3A9C00E703C4 /* Frameworks */,
				E2FA69D01B9A3A9C00E703C4 /* Resources */,
			);
			buildRules = (
			);
			dependencies = (
			);
			name = BlueHouseSim;
			productName = BlueHouseSim;
			productReference = E2FA69D21B9A3A9C00E703C4 /* BlueHouseSim.app */;
			productType = "com.apple.product-type.application";
		};
		E2FA69E71B9A3A9C00E703C4 /* BlueHouseSimTests */ = {
			isa = PBXNativeTarget;
			buildConfigurationList = E2FA69F51B9A3A9C00E703C4 /* Build configuration list for PBXNativeTarget "BlueHouseSimTests" */;
			buildPhases = (
				E2FA69E41B9A3A9C00E703C4 /* Sources */,
				E2FA69E51B9A3A9C00E703C4 /* Frameworks */,
				E2FA69E61B9A3A9C00E703C4 /* Resources */,
			);
			buildRules = (
			);
			dependencies = (
				E2FA69EA1B9A3A9C00E703C4 /* PBXTargetDependency */,
			);
			name = BlueHouseSimTests;
			productName = BlueHouseSimTests;
			productReference = E2FA69E81B9A3A9C00E703C4 /* BlueHouseSimTests.xctest */;
			productType = "com.apple.product-type.bundle.unit-test";
		};
/* End PBXNativeTarget section */

/* Begin PBXProject section */
		E2FA69CA1B9A3A9C00E703C4 /* Project object */ = {
			isa = PBXProject;
			attributes = {
				LastUpgradeCheck = 0640;
				ORGANIZATIONNAME = "Tom Jay";
				TargetAttributes = {
					E2FA69D11B9A3A9C00E703C4 = {
						CreatedOnToolsVersion = 6.4;
					};
					E2FA69E71B9A3A9C00E703C4 = {
						CreatedOnToolsVersion = 6.4;
						TestTargetID = E2FA69D11B9A3A9C00E703C4;
					};
				};
			};
			buildConfigurationList = E2FA69CD1B9A3A9C00E703C4 /* Build configuration list for PBXProject "BlueHouseSim" */;
			compatibilityVersion = "Xcode 3.2";
			developmentRegion = English;
			hasScannedForEncodings = 0;
			knownRegions = (
				en,
				Base,
			);
			mainGroup = E2FA69C91B9A3A9C00E703C4;
			productRefGroup = E2FA69D31B9A3A9C00E703C4 /* Products */;
			projectDirPath = "";
			projectRoot = "";
			targets = (
				E2FA69D11B9A3A9C00E703C4 /* BlueHouseSim */,
				E2FA69E71B9A3A9C00E703C4 /* BlueHouseSimTests */,
			);
		};
/* End PBXProject section */

/* Begin PBXResourcesBuildPhase section */
		E2FA69D01B9A3A9C00E703C4 /* Resources */ = {
			isa = PBXResourcesBuildPhase;
			buildActionMask = 2147483647;
			files = (
				E2FA69FB1B9A3F8A00E703C4 /* bluehome_128_icon_transperent.png in Resources */,
				E2FA69F91B9A3E7A00E703C4 /* bluehome_128_icon.png in Resources */,
				E2FA69E01B9A3A9C00E703C4 /* Images.xcassets in Resources */,
				E2FA69E31B9A3A9C00E703C4 /* Main.storyboard in Resources */,
			);
			runOnlyForDeploymentPostprocessing = 0;
		};
		E2FA69E61B9A3A9C00E703C4 /* Resources */ = {
			isa = PBXResourcesBuildPhase;
			buildActionMask = 2147483647;
			files = (
			);
			runOnlyForDeploymentPostprocessing = 0;
		};
/* End PBXResourcesBuildPhase section */

/* Begin PBXSourcesBuildPhase section */
		E2FA69CE1B9A3A9C00E703C4 /* Sources */ = {
			isa = PBXSourcesBuildPhase;
			buildActionMask = 2147483647;
			files = (
				E2FA69DE1B9A3A9C00E703C4 /* ViewController.m in Sources */,
				E2FA69DB1B9A3A9C00E703C4 /* main.m in Sources */,
				E2FA69D91B9A3A9C00E703C4 /* AppDelegate.m in Sources */,
			);
			runOnlyForDeploymentPostprocessing = 0;
		};
		E2FA69E41B9A3A9C00E703C4 /* Sources */ = {
			isa = PBXSourcesBuildPhase;
			buildActionMask = 2147483647;
			files = (
				E2FA69EF1B9A3A9C00E703C4 /* BlueHouseSimTests.m in Sources */,
			);
			runOnlyForDeploymentPostprocessing = 0;
		};
/* End PBXSourcesBuildPhase section */

/* Begin PBXTargetDependency section */
		E2FA69EA1B9A3A9C00E703C4 /* PBXTargetDependency */ = {
			isa = PBXTargetDependency;
			target = E2FA69D11B9A3A9C00E703C4 /* BlueHouseSim */;
			targetProxy = E2FA69E91B9A3A9C00E703C4 /* PBXContainerItemProxy */;
		};
/* End PBXTargetDependency section */

/* Begin PBXVariantGroup section */
		E2FA69E11B9A3A9C00E703C4 /* Main.storyboard */ = {
			isa = PBXVariantGroup;
			children = (
				E2FA69E21B9A3A9C00E703C4 /* Base */,
			);
			name = Main.storyboard;
			sourceTree = "<group>";
		};
/* End PBXVariantGroup section */

/* Begin XCBuildConfiguration section */
		E2FA69F01B9A3A9C00E703C4 /* Debug */ = {
			isa = XCBuildConfiguration;
			buildSettings = {
				ALWAYS_SEARCH_USER_PATHS = NO;
				CLANG_CXX_LANGUAGE_STANDARD = "gnu++0x";
				CLANG_CXX_LIBRARY = "libc++";
				CLANG_ENABLE_MODULES = YES;
				CLANG_ENABLE_OBJC_ARC = YES;
				CLANG_WARN_BOOL_CONVERSION = YES;
				CLANG_WARN_CONSTANT_CONVERSION = YES;
				CLANG_WARN_DIRECT_OBJC_ISA_USAGE = YES_ERROR;
				CLANG_WARN_EMPTY_BODY = YES;
				CLANG_WARN_ENUM_CONVERSION = YES;
				CLANG_WARN_INT_CONVERSION = YES;
				CLANG_WARN_OBJC_ROOT_CLASS = YES_ERROR;
				CLANG_WARN_UNREACHABLE_CODE = YES;
				CLANG_WARN__DUPLICATE_METHOD_MATCH = YES;
				CODE_SIGN_IDENTITY = "-";
				COPY_PHASE_STRIP = NO;
				DEBUG_INFORMATION_FORMAT = dwarf;
				ENABLE_STRICT_OBJC_MSGSEND = YES;
				GCC_C_LANGUAGE_STANDARD = gnu99;
				GCC_DYNAMIC_NO_PIC = NO;
				GCC_NO_COMMON_BLOCKS = YES;
				GCC_OPTIMIZATION_LEVEL = 0;
				GCC_PREPROCESSOR_DEFINITIONS = (
					"DEBUG=1",
					"$(inherited)",
				);
				GCC_SYMBOLS_PRIVATE_EXTERN = NO;
				GCC_WARN_64_TO_32_BIT_CONVERSION = YES;
				GCC_WARN_ABOUT_RETURN_TYPE = YES_ERROR;
				GCC_WARN_UNDECLARED_SELECTOR = YES;
				GCC_WARN_UNINITIALIZED_AUTOS = YES_AGGRESSIVE;
				GCC_WARN_UNUSED_FUNCTION = YES;
				GCC_WARN_UNUSED_VARIABLE = YES;
				MACOSX_DEPLOYMENT_TARGET = 10.10;
				MTL_ENABLE_DEBUG_INFO = YES;
				ONLY_ACTIVE_ARCH = YES;
				SDKROOT = macosx;
			};
			name = Debug;
		};
		E2FA69F11B9A3A9C00E703C4 /* Release */ = {
			isa = XCBuildConfiguration;
			buildSettings = {
				ALWAYS_SEARCH_USER_PATHS = NO;
				CLANG_CXX_LANGUAGE_STANDARD = "gnu++0x";
				CLANG_CXX_LIBRARY = "libc++";
				CLANG_ENABLE_MODULES = YES;
				CLANG_ENABLE_OBJC_ARC = YES;
				CLANG_WARN_BOOL_CONVERSION = YES;
				CLANG_WARN_CONSTANT_CONVERSION = YES;
				CLANG_WARN_DIRECT_OBJC_ISA_USAGE = YES_ERROR;
				CLANG_WARN_EMPTY_BODY = YES;
				CLANG_WARN_ENUM_CONVERSION = YES;
				CLANG_WARN_INT_CONVERSION = YES;
				CLANG_WARN_OBJC_ROOT_CLASS = YES_ERROR;
				CLANG_WARN_UNREACHABLE_CODE = YES;
				CLANG_WARN__DUPLICATE_METHOD_MATCH = YES;
				CODE_SIGN_IDENTITY = "-";
				COPY_PHASE_STRIP = NO;
				DEBUG_INFORMATION_FORMAT = "dwarf-with-dsym";
				ENABLE_NS_ASSERTIONS = NO;
				ENABLE_STRICT_OBJC_MSGSEND = YES;
				GCC_C_LANGUAGE_STANDARD = gnu99;
				GCC_NO_COMMON_BLOCKS = YES;
				GCC_WARN_64_TO_32_BIT_CONVERSION = YES;
				GCC_WARN_ABOUT_RETURN_TYPE = YES_ERROR;
				GCC_WARN_UNDECLARED_SELECTOR = YES;
				GCC_WARN_UNINITIALIZED_AUTOS = YES_AGGRESSIVE;
				GCC_WARN_UNUSED_FUNCTION = YES;
				GCC_WARN_UNUSED_VARIABLE = YES;
				MACOSX_DEPLOYMENT_TARGET = 10.10;
				MTL_ENABLE_DEBUG_INFO = NO;
				SDKROOT = macosx;
			};
			name = Release;
		};
		E2FA69F31B9A3A9C00E703C4 /* Debug */ = {
			isa = XCBuildConfiguration;
			buildSettings = {
				ASSETCATALOG_COMPILER_APPICON_NAME = AppIcon;
				COMBINE_HIDPI_IMAGES = YES;
				INFOPLIST_FILE = BlueHouseSim/Info.plist;
				LD_RUNPATH_SEARCH_PATHS = "$(inherited) @executable_path/../Frameworks";
				PRODUCT_NAME = "$(TARGET_NAME)";
			};
			name = Debug;
		};
		E2FA69F41B9A3A9C00E703C4 /* Release */ = {
			isa = XCBuildConfiguration;
			buildSettings = {
				ASSETCATALOG_COMPILER_APPICON_NAME = AppIcon;
				COMBINE_HIDPI_IMAGES = YES;
				INFOPLIST_FILE = BlueHouseSim/Info.plist;
				LD_RUNPATH_SEARCH_PATHS = "$(inherited) @executable_path/../Frameworks";
				PRODUCT_NAME = "$(TARGET_NAME)";
			};
			name = Release;
		};
		E2FA69F61B9A3A9C00E703C4 /* Debug */ = {
			isa = XCBuildConfiguration;
			buildSettings = {
				BUNDLE_LOADER = "$(TEST_HOST)";
				COMBINE_HIDPI_IMAGES = YES;
				FRAMEWORK_SEARCH_PATHS = (
					"$(DEVELOPER_FRAMEWORKS_DIR)",
					"$(inherited)",
				);
				GCC_PREPROCESSOR_DEFINITIONS = (
					"DEBUG=1",
					"$(inherited)",
				);
				INFOPLIST_FILE = BlueHouseSimTests/Info.plist;
				LD_RUNPATH_SEARCH_PATHS = "$(inherited) @executable_path/../Frameworks @loader_path/../Frameworks";
				PRODUCT_NAME = "$(TARGET_NAME)";
				TEST_HOST = "$(BUILT_PRODUCTS_DIR)/BlueHouseSim.app/Contents/MacOS/BlueHouseSim";
			};
			name = Debug;
		};
		E2FA69F71B9A3A9C00E703C4 /* Release */ = {
			isa = XCBuildConfiguration;
			buildSettings = {
				BUNDLE_LOADER = "$(TEST_HOST)";
				COMBINE_HIDPI_IMAGES = YES;
				FRAMEWORK_SEARCH_PATHS = (
					"$(DEVELOPER_FRAMEWORKS_DIR)",
					"$(inherited)",
				);
				INFOPLIST_FILE = BlueHouseSimTests/Info.plist;
				LD_RUNPATH_SEARCH_PATHS = "$(inherited) @executable_path/../Frameworks @loader_path/../Frameworks";
				PRODUCT_NAME = "$(TARGET_NAME)";
				TEST_HOST = "$(BUILT_PRODUCTS_DIR)/BlueHouseSim.app/Contents/MacOS/BlueHouseSim";
			};
			name = Release;
		};
/* End XCBuildConfiguration section */

/* Begin XCConfigurationList section */
		E2FA69CD1B9A3A9C00E703C4 /* Build configuration list for PBXProject "BlueHouseSim" */ = {
			isa = XCConfigurationList;
			buildConfigurations = (
				E2FA69F01B9A3A9C00E703C4 /* Debug */,
				E2FA69F11B9A3A9C00E703C4 /* Release */,
			);
			defaultConfigurationIsVisible = 0;
			defaultConfigurationName = Release;
		};
		E2FA69F21B9A3A9C00E703C4 /* Build configuration list for PBXNativeTarget "BlueHouseSim" */ = {
			isa = XCConfigurationList;
			buildConfigurations = (
				E2FA69F31B9A3A9C00E703C4 /* Debug */,
				E2FA69F41B9A3A9C00E703C4 /* Release */,
			);
			defaultConfigurationIsVisible = 0;
		};
		E2FA69F51B9A3A9C00E703C4 /* Build configuration list for PBXNativeTarget "BlueHouseSimTests" */ = {
			isa = XCConfigurationList;
			buildConfigurations = (
				E2FA69F61B9A3A9C00E703C4 /* Debug */,
				E2FA69F71B9A3A9C00E703C4 /* Release */,
			);
			defaultConfigurationIsVisible = 0;
		};
/* End XCConfigurationList section */
	};
	rootObject = E2FA69CA1B9A3A9C00E703C4 /* Project object */;
}
